#MicroXplorer Configuration settings - do not modify
Mcu.Family=STM32G4
ProjectManager.MainLocation=Core/Src
TIM7.PeriodNoDither=1000
RCC.USART1Freq_Value=170000000
ADC2.OffsetNumber-2\#ChannelRegularConversion=ADC_OFFSET_NONE
RCC.SAI1Freq_Value=170000000
RCC.CortexFreq_Value=170000000
ProjectManager.KeepUserCode=true
Mcu.UserName=STM32G474RETx
ADC2.Channel-0\#ChannelRegularConversion=ADC_CHANNEL_1
NVIC.TIM6_DAC_IRQn=true\:0\:0\:false\:false\:true\:true\:true
TIM1.IPParameters=Prescaler
USART1.BaudRate=31250
PA14.GPIO_Label=T_SWCLK
ProjectManager.functionlistsort=1-MX_GPIO_Init-GPIO-false-HAL-true,2-SystemClock_Config-RCC-false-HAL-false,3-MX_DAC1_Init-DAC1-false-HAL-true,4-MX_USART1_UART_Init-USART1-false-HAL-true,5-MX_TIM1_Init-TIM1-false-HAL-true,6-MX_TIM6_Init-TIM6-false-HAL-true,7-MX_TIM7_Init-TIM7-false-HAL-true,8-MX_TIM8_Init-TIM8-false-HAL-true
DAC1.DAC_Trigger_OUT1-DAC_OUT1=DAC_TRIGGER_T6_TRGO
DAC1.IPParameters=DAC_Trigger_OUT1-DAC_OUT1
RCC.RTCFreq_Value=32768
RCC.USART2Freq_Value=170000000
PC5.Mode=Asynchronous
USART1.IPParameters=VirtualMode-Asynchronous,BaudRate
VP_TIM8_VS_ClockSourceINT.Signal=TIM8_VS_ClockSourceINT
PinOutPanel.RotationAngle=0
RCC.MCO1PinFreq_Value=16000000
RCC.SYSCLKSource=RCC_SYSCLKSOURCE_PLLCLK
ProjectManager.StackSize=0x400
RCC.LPTIM1Freq_Value=170000000
RCC.I2C3Freq_Value=170000000
VP_TIM7_VS_ClockSourceINT.Mode=Enable_Timer
Mcu.IP4=SYS
RCC.FCLKCortexFreq_Value=170000000
Mcu.IP5=TIM1
Mcu.IP2=NVIC
NVIC.SVCall_IRQn=true\:0\:0\:false\:false\:true\:false\:false
Mcu.IP3=RCC
Mcu.IP0=ADC2
Mcu.IP1=DAC1
TIM1.Prescaler=169
Mcu.UserConstants=
Mcu.ThirdPartyNb=0
RCC.HCLKFreq_Value=170000000
RCC.I2C4Freq_Value=170000000
Mcu.IPNb=10
ProjectManager.PreviousToolchain=
RCC.APB2TimFreq_Value=170000000
Mcu.Pin6=PA14
Mcu.Pin7=PB3
Mcu.Pin8=VP_SYS_VS_Systick
Mcu.Pin9=VP_SYS_VS_DBSignals
RCC.AHBFreq_Value=170000000
Mcu.Pin0=PA0
Mcu.Pin1=PA1
TIM8.IPParameters=PeriodNoDither,TIM_MasterOutputTrigger
GPIO.groupedBy=Group By Peripherals
Mcu.Pin2=PA4
Mcu.Pin3=PC4
RCC.USART3Freq_Value=170000000
Mcu.Pin4=PC5
Mcu.Pin5=PA13
ProjectManager.ProjectBuild=false
RCC.HSE_VALUE=24000000
NVIC.UsageFault_IRQn=true\:0\:0\:false\:false\:true\:false\:false
NVIC.DebugMonitor_IRQn=true\:0\:0\:false\:false\:true\:false\:false
PB3.Mode=Trace_Asynchronous_SW
RCC.RTCClockSelection=RCC_RTCCLKSOURCE_LSE
RCC.ADC12Freq_Value=170000000
NVIC.SysTick_IRQn=true\:0\:0\:false\:false\:true\:false\:true
ProjectManager.FirmwarePackage=STM32Cube FW_G4 V1.4.0
MxDb.Version=DB.6.0.20
VP_TIM7_VS_ClockSourceINT.Signal=TIM7_VS_ClockSourceINT
ProjectManager.BackupPrevious=false
RCC.VCOInputFreq_Value=4000000
PA14.Mode=Trace_Asynchronous_SW
File.Version=6
PA0.Mode=IN1-Single-Ended
VP_SYS_VS_DBSignals.Mode=DisableDeadBatterySignals
RCC.PLLRCLKFreq_Value=170000000
NVIC.PendSV_IRQn=true\:0\:0\:false\:false\:true\:false\:false
ProjectManager.HalAssertFull=false
VP_TIM1_VS_ClockSourceINT.Mode=Internal
ProjectManager.ProjectName=Synth G4
RCC.CRSFreq_Value=48000000
PA0.Signal=ADC2_IN1
PA13.GPIOParameters=GPIO_Label
Mcu.Package=LQFP64
TIM6.PeriodNoDither=400
PA14.Locked=true
ProjectManager.ToolChainLocation=
RCC.LSI_VALUE=32000
VP_SYS_VS_Systick.Signal=SYS_VS_Systick
RCC.LSCOPinFreq_Value=32000
ADC2.SamplingTime-0\#ChannelRegularConversion=ADC_SAMPLETIME_2CYCLES_5
ADC2.SamplingTime-2\#ChannelRegularConversion=ADC_SAMPLETIME_2CYCLES_5
ADC2.NbrOfConversion=2
RCC.PLLPoutputFreq_Value=170000000
RCC.APB1TimFreq_Value=170000000
NVIC.BusFault_IRQn=true\:0\:0\:false\:false\:true\:false\:false
RCC.LPUART1Freq_Value=170000000
ADC2.Rank-2\#ChannelRegularConversion=2
PC5.Signal=USART1_RX
ADC2.Rank-0\#ChannelRegularConversion=1
NVIC.USART1_IRQn=true\:0\:0\:false\:false\:true\:true\:true
SH.COMP_DAC11_group.ConfNb=1
ProjectManager.CustomerFirmwarePackage=
PC4.Mode=Asynchronous
RCC.HSI48_VALUE=48000000
RCC.HRTIM1Freq_Value=170000000
RCC.I2SFreq_Value=170000000
RCC.PLLQoutputFreq_Value=170000000
NVIC.TIM8_UP_IRQn=true\:0\:0\:false\:false\:true\:true\:true
ProjectManager.ProjectFileName=Synth G4.ioc
Mcu.PinsNb=14
ProjectManager.NoMain=false
NVIC.TIM7_DAC_IRQn=true\:0\:0\:false\:false\:true\:true\:true
PC4.Signal=USART1_TX
VP_TIM6_VS_ClockSourceINT.Mode=Enable_Timer
RCC.EXTERNAL_CLOCK_VALUE=12288000
ProjectManager.DefaultFWLocation=true
ProjectManager.DeletePrevious=true
RCC.QSPIFreq_Value=170000000
boardIOC=true
RCC.FamilyName=M
VP_TIM6_VS_ClockSourceINT.Signal=TIM6_VS_ClockSourceINT
USART1.VirtualMode-Asynchronous=VM_ASYNC
PA13.Signal=SYS_JTMS-SWDIO
TIM6.IPParameters=PeriodNoDither,TIM_MasterOutputTrigger
ADC2.ContinuousConvMode=ENABLE
ProjectManager.TargetToolchain=STM32CubeIDE
SH.COMP_DAC11_group.0=DAC1_OUT1,DAC_OUT1
ADC2.IPParameters=Rank-0\#ChannelRegularConversion,Channel-0\#ChannelRegularConversion,SamplingTime-0\#ChannelRegularConversion,OffsetNumber-0\#ChannelRegularConversion,NbrOfConversionFlag,NbrOfConversion,ContinuousConvMode,Rank-2\#ChannelRegularConversion,Channel-2\#ChannelRegularConversion,SamplingTime-2\#ChannelRegularConversion,OffsetNumber-2\#ChannelRegularConversion
VP_TIM1_VS_ClockSourceINT.Signal=TIM1_VS_ClockSourceINT
VP_TIM8_VS_ClockSourceINT.Mode=Internal
ProjectManager.RegisterCallBack=
RCC.USBFreq_Value=170000000
RCC.LSE_VALUE=32768
PA1.Signal=ADC2_IN2
ADC2.OffsetNumber-0\#ChannelRegularConversion=ADC_OFFSET_NONE
board=NUCLEO-G474RE
RCC.VCOOutputFreq_Value=340000000
ProjectManager.LastFirmware=true
ADC2.Channel-2\#ChannelRegularConversion=ADC_CHANNEL_1
RCC.ADC345Freq_Value=170000000
RCC.APB2Freq_Value=170000000
PA1.Mode=IN2-Single-Ended
RCC.UART4Freq_Value=170000000
TIM7.IPParameters=PeriodNoDither
MxCube.Version=6.2.0
RCC.I2C1Freq_Value=170000000
VP_SYS_VS_DBSignals.Signal=SYS_VS_DBSignals
RCC.FDCANFreq_Value=170000000
RCC.RNGFreq_Value=170000000
VP_SYS_VS_Systick.Mode=SysTick
TIM6.TIM_MasterOutputTrigger=TIM_TRGO_UPDATE
NVIC.NonMaskableInt_IRQn=true\:0\:0\:false\:false\:true\:false\:false
RCC.UART5Freq_Value=170000000
PA13.Mode=Trace_Asynchronous_SW
ProjectManager.FreePins=false
RCC.IPParameters=ADC12Freq_Value,ADC345Freq_Value,AHBFreq_Value,APB1Freq_Value,APB1TimFreq_Value,APB2Freq_Value,APB2TimFreq_Value,CRSFreq_Value,CortexFreq_Value,EXTERNAL_CLOCK_VALUE,FCLKCortexFreq_Value,FDCANFreq_Value,FamilyName,HCLKFreq_Value,HRTIM1Freq_Value,HSE_VALUE,HSI48_VALUE,HSI_VALUE,I2C1Freq_Value,I2C2Freq_Value,I2C3Freq_Value,I2C4Freq_Value,I2SFreq_Value,LPTIM1Freq_Value,LPUART1Freq_Value,LSCOPinFreq_Value,LSE_VALUE,LSI_VALUE,MCO1PinFreq_Value,PLLM,PLLN,PLLPoutputFreq_Value,PLLQoutputFreq_Value,PLLRCLKFreq_Value,PWRFreq_Value,QSPIFreq_Value,RNGFreq_Value,RTCClockSelection,RTCFreq_Value,SAI1Freq_Value,SYSCLKFreq_VALUE,SYSCLKSource,UART4Freq_Value,UART5Freq_Value,USART1Freq_Value,USART2Freq_Value,USART3Freq_Value,USBFreq_Value,VCOInputFreq_Value,VCOOutputFreq_Value
ProjectManager.AskForMigrate=true
Mcu.Name=STM32G474R(B-C-E)Tx
PA13.GPIO_Label=T_SWDIO
ProjectManager.UnderRoot=true
Mcu.IP8=TIM8
Mcu.IP9=USART1
Mcu.IP6=TIM6
Mcu.IP7=TIM7
ProjectManager.CoupleFile=false
PB3.Signal=SYS_JTDO-SWO
PA4.Signal=COMP_DAC11_group
RCC.SYSCLKFreq_VALUE=170000000
ADC2.NbrOfConversionFlag=1
NVIC.ForceEnableDMAVector=true
TIM8.TIM_MasterOutputTrigger=TIM_TRGO_UPDATE
KeepUserPlacement=false
PA14.GPIOParameters=GPIO_Label
NVIC.MemoryManagement_IRQn=true\:0\:0\:false\:false\:true\:false\:false
PA13.Locked=true
ProjectManager.CompilerOptimize=6
PA14.Signal=SYS_JTCK-SWCLK
ProjectManager.HeapSize=0x200
NVIC.HardFault_IRQn=true\:0\:0\:false\:false\:true\:false\:false
Mcu.Pin13=VP_TIM8_VS_ClockSourceINT
TIM8.PeriodNoDither=1000
ProjectManager.ComputerToolchain=false
RCC.HSI_VALUE=16000000
NVIC.PriorityGroup=NVIC_PRIORITYGROUP_4
Mcu.Pin11=VP_TIM6_VS_ClockSourceINT
Mcu.Pin12=VP_TIM7_VS_ClockSourceINT
RCC.PLLM=RCC_PLLM_DIV4
RCC.PLLN=85
Mcu.Pin10=VP_TIM1_VS_ClockSourceINT
RCC.PWRFreq_Value=170000000
RCC.I2C2Freq_Value=170000000
RCC.APB1Freq_Value=170000000
ProjectManager.DeviceId=STM32G474RETx
ProjectManager.LibraryCopy=1
isbadioc=false
