#MicroXplorer Configuration settings - do not modify
Mcu.Family=STM32G4
ProjectManager.MainLocation=Core/Src
RCC.USART1Freq_Value=170000000
RCC.SAI1Freq_Value=170000000
RCC.CortexFreq_Value=170000000
Dma.DAC1_CH1.0.Priority=DMA_PRIORITY_HIGH
ProjectManager.KeepUserCode=true
Mcu.UserName=STM32G474RETx
USART1.BaudRate=31250
PA14.GPIO_Label=T_SWCLK
ProjectManager.functionlistsort=1-MX_GPIO_Init-GPIO-false-HAL-true,2-MX_DMA_Init-DMA-false-HAL-true,3-SystemClock_Config-RCC-false-HAL-false,4-MX_DAC1_Init-DAC1-false-HAL-true,5-MX_TIM2_Init-TIM2-false-HAL-true,6-MX_TIM3_Init-TIM3-false-HAL-true,7-MX_TIM4_Init-TIM4-false-HAL-true,8-MX_USART1_UART_Init-USART1-false-HAL-true
DAC1.DAC_Trigger_OUT1-DAC_OUT1=DAC_TRIGGER_T2_TRGO
DAC1.IPParameters=DAC_Trigger_OUT1-DAC_OUT1
RCC.RTCFreq_Value=32768
RCC.USART2Freq_Value=170000000
PC5.Mode=Asynchronous
USART1.IPParameters=VirtualMode-Asynchronous,BaudRate
PC13.GPIO_Label=B1 [blue push button]
PinOutPanel.RotationAngle=0
TIM4.TIM_MasterOutputTrigger=TIM_TRGO_UPDATE
RCC.MCO1PinFreq_Value=16000000
RCC.SYSCLKSource=RCC_SYSCLKSOURCE_PLLCLK
ProjectManager.StackSize=0x400
SH.GPXTI13.0=GPIO_EXTI13
RCC.LPTIM1Freq_Value=170000000
RCC.I2C3Freq_Value=170000000
Mcu.IP4=SYS
RCC.FCLKCortexFreq_Value=170000000
Mcu.IP5=TIM2
Mcu.IP2=NVIC
NVIC.SVCall_IRQn=true\:0\:0\:false\:false\:true\:false\:false
Mcu.IP3=RCC
Mcu.IP0=DAC1
Mcu.IP1=DMA
Mcu.UserConstants=
Dma.DAC1_CH1.0.SyncPolarity=HAL_DMAMUX_SYNC_NO_EVENT
SH.GPXTI13.ConfNb=1
Mcu.ThirdPartyNb=0
RCC.HCLKFreq_Value=170000000
RCC.I2C4Freq_Value=170000000
Mcu.IPNb=9
Dma.DAC1_CH1.0.EventEnable=DISABLE
TIM2.IPParameters=PeriodNoDither,ClockDivision,TIM_MasterOutputTrigger,AutoReloadPreload
ProjectManager.PreviousToolchain=
RCC.APB2TimFreq_Value=170000000
TIM2.ClockDivision=TIM_CLOCKDIVISION_DIV1
Mcu.Pin6=PA14
Mcu.Pin7=VP_SYS_VS_Systick
VP_TIM2_VS_ClockSourceINT.Signal=TIM2_VS_ClockSourceINT
Mcu.Pin8=VP_SYS_VS_DBSignals
Mcu.Pin9=VP_TIM2_VS_ClockSourceINT
RCC.AHBFreq_Value=170000000
Mcu.Pin0=PC13
Mcu.Pin1=PA4
Mcu.Pin2=PA6
Mcu.Pin3=PC4
RCC.USART3Freq_Value=170000000
TIM3.ClockDivision=TIM_CLOCKDIVISION_DIV4
Mcu.Pin4=PC5
NVIC.EXTI15_10_IRQn=true\:0\:0\:false\:false\:true\:true\:true
Mcu.Pin5=PA13
ProjectManager.ProjectBuild=false
RCC.HSE_VALUE=24000000
NVIC.UsageFault_IRQn=true\:0\:0\:false\:false\:true\:false\:false
NVIC.DebugMonitor_IRQn=true\:0\:0\:false\:false\:true\:false\:false
Dma.DAC1_CH1.0.SignalID=NONE
RCC.RTCClockSelection=RCC_RTCCLKSOURCE_LSE
RCC.ADC12Freq_Value=170000000
NVIC.SysTick_IRQn=true\:0\:0\:false\:false\:true\:false\:true
ProjectManager.FirmwarePackage=STM32Cube FW_G4 V1.4.0
MxDb.Version=DB.6.0.20
TIM2.PeriodNoDither=1000
Dma.DAC1_CH1.0.RequestParameters=Instance,Direction,PeriphInc,MemInc,PeriphDataAlignment,MemDataAlignment,Mode,Priority,SignalID,Polarity,RequestNumber,SyncSignalID,SyncPolarity,SyncEnable,EventEnable,SyncRequestNumber
ProjectManager.BackupPrevious=false
RCC.VCOInputFreq_Value=4000000
PA14.Mode=Serial_Wire
Dma.DAC1_CH1.0.Mode=DMA_CIRCULAR
NVIC.TIM2_IRQn=true\:0\:0\:false\:false\:true\:true\:true
File.Version=6
VP_SYS_VS_DBSignals.Mode=DisableDeadBatterySignals
RCC.PLLRCLKFreq_Value=170000000
NVIC.PendSV_IRQn=true\:0\:0\:false\:false\:true\:false\:false
Dma.RequestsNb=1
ProjectManager.HalAssertFull=false
ProjectManager.ProjectName=Synth G4
RCC.CRSFreq_Value=48000000
PA13.GPIOParameters=GPIO_Label
Mcu.Package=LQFP64
PA6.Signal=GPIO_Output
PA14.Locked=true
ProjectManager.ToolChainLocation=
RCC.LSI_VALUE=32000
VP_SYS_VS_Systick.Signal=SYS_VS_Systick
RCC.LSCOPinFreq_Value=32000
TIM3.PeriodNoDither=1000
Dma.DAC1_CH1.0.Instance=DMA1_Channel1
TIM2.TIM_MasterOutputTrigger=TIM_TRGO_UPDATE
RCC.PLLPoutputFreq_Value=170000000
RCC.APB1TimFreq_Value=170000000
NVIC.BusFault_IRQn=true\:0\:0\:false\:false\:true\:false\:false
RCC.LPUART1Freq_Value=170000000
PC5.Signal=USART1_RX
NVIC.USART1_IRQn=true\:0\:0\:false\:false\:true\:true\:true
Dma.Request0=DAC1_CH1
SH.COMP_DAC11_group.ConfNb=1
ProjectManager.CustomerFirmwarePackage=
VP_TIM3_VS_ClockSourceINT.Mode=Internal
Dma.DAC1_CH1.0.PeriphInc=DMA_PINC_DISABLE
PC4.Mode=Asynchronous
RCC.HSI48_VALUE=48000000
RCC.HRTIM1Freq_Value=170000000
RCC.I2SFreq_Value=170000000
RCC.PLLQoutputFreq_Value=170000000
ProjectManager.ProjectFileName=Synth G4.ioc
Mcu.PinsNb=12
ProjectManager.NoMain=false
PC13.Locked=true
PC13.Signal=GPXTI13
TIM4.PeriodNoDither=1000
PC4.Signal=USART1_TX
RCC.EXTERNAL_CLOCK_VALUE=12288000
ProjectManager.DefaultFWLocation=true
ProjectManager.DeletePrevious=true
RCC.QSPIFreq_Value=170000000
boardIOC=true
RCC.FamilyName=M
USART1.VirtualMode-Asynchronous=VM_ASYNC
PA13.Signal=SYS_JTMS-SWDIO
VP_TIM4_VS_ClockSourceINT.Signal=TIM4_VS_ClockSourceINT
ProjectManager.TargetToolchain=STM32CubeIDE
TIM4.IPParameters=PeriodNoDither,TIM_MasterOutputTrigger
SH.COMP_DAC11_group.0=DAC1_OUT1,DAC_OUT1
ProjectManager.RegisterCallBack=
RCC.USBFreq_Value=170000000
VP_TIM3_VS_ClockSourceINT.Signal=TIM3_VS_ClockSourceINT
RCC.LSE_VALUE=32768
Dma.DAC1_CH1.0.MemDataAlignment=DMA_MDATAALIGN_WORD
board=NUCLEO-G474RE
RCC.VCOOutputFreq_Value=340000000
ProjectManager.LastFirmware=true
NVIC.TIM3_IRQn=true\:0\:0\:false\:false\:true\:true\:true
RCC.ADC345Freq_Value=170000000
RCC.APB2Freq_Value=170000000
RCC.UART4Freq_Value=170000000
MxCube.Version=6.2.0
VP_TIM2_VS_ClockSourceINT.Mode=Internal
RCC.I2C1Freq_Value=170000000
VP_SYS_VS_DBSignals.Signal=SYS_VS_DBSignals
PC13.GPIOParameters=GPIO_Label
RCC.FDCANFreq_Value=170000000
RCC.RNGFreq_Value=170000000
VP_SYS_VS_Systick.Mode=SysTick
Dma.DAC1_CH1.0.PeriphDataAlignment=DMA_PDATAALIGN_WORD
TIM3.IPParameters=PeriodNoDither,ClockDivision,TIM_MasterOutputTrigger
NVIC.NonMaskableInt_IRQn=true\:0\:0\:false\:false\:true\:false\:false
Dma.DAC1_CH1.0.MemInc=DMA_MINC_ENABLE
RCC.UART5Freq_Value=170000000
PA13.Mode=Serial_Wire
ProjectManager.FreePins=false
RCC.IPParameters=ADC12Freq_Value,ADC345Freq_Value,AHBFreq_Value,APB1Freq_Value,APB1TimFreq_Value,APB2Freq_Value,APB2TimFreq_Value,CRSFreq_Value,CortexFreq_Value,EXTERNAL_CLOCK_VALUE,FCLKCortexFreq_Value,FDCANFreq_Value,FamilyName,HCLKFreq_Value,HRTIM1Freq_Value,HSE_VALUE,HSI48_VALUE,HSI_VALUE,I2C1Freq_Value,I2C2Freq_Value,I2C3Freq_Value,I2C4Freq_Value,I2SFreq_Value,LPTIM1Freq_Value,LPUART1Freq_Value,LSCOPinFreq_Value,LSE_VALUE,LSI_VALUE,MCO1PinFreq_Value,PLLM,PLLN,PLLPoutputFreq_Value,PLLQoutputFreq_Value,PLLRCLKFreq_Value,PWRFreq_Value,QSPIFreq_Value,RNGFreq_Value,RTCClockSelection,RTCFreq_Value,SAI1Freq_Value,SYSCLKFreq_VALUE,SYSCLKSource,UART4Freq_Value,UART5Freq_Value,USART1Freq_Value,USART2Freq_Value,USART3Freq_Value,USBFreq_Value,VCOInputFreq_Value,VCOOutputFreq_Value
ProjectManager.AskForMigrate=true
Mcu.Name=STM32G474R(B-C-E)Tx
Dma.DAC1_CH1.0.SyncEnable=DISABLE
PA13.GPIO_Label=T_SWDIO
ProjectManager.UnderRoot=true
Mcu.IP8=USART1
Mcu.IP6=TIM3
Mcu.IP7=TIM4
ProjectManager.CoupleFile=false
PA4.Signal=COMP_DAC11_group
RCC.SYSCLKFreq_VALUE=170000000
NVIC.ForceEnableDMAVector=true
KeepUserPlacement=false
PA14.GPIOParameters=GPIO_Label
NVIC.MemoryManagement_IRQn=true\:0\:0\:false\:false\:true\:false\:false
PA13.Locked=true
ProjectManager.CompilerOptimize=6
PA14.Signal=SYS_JTCK-SWCLK
ProjectManager.HeapSize=0x200
NVIC.HardFault_IRQn=true\:0\:0\:false\:false\:true\:false\:false
ProjectManager.ComputerToolchain=false
RCC.HSI_VALUE=16000000
VP_TIM4_VS_ClockSourceINT.Mode=Internal
NVIC.PriorityGroup=NVIC_PRIORITYGROUP_4
Mcu.Pin11=VP_TIM4_VS_ClockSourceINT
RCC.PLLM=RCC_PLLM_DIV4
RCC.PLLN=85
Mcu.Pin10=VP_TIM3_VS_ClockSourceINT
TIM2.AutoReloadPreload=TIM_AUTORELOAD_PRELOAD_ENABLE
Dma.DAC1_CH1.0.SyncRequestNumber=1
RCC.PWRFreq_Value=170000000
NVIC.DMA1_Channel1_IRQn=true\:0\:0\:false\:false\:true\:false\:true
Dma.DAC1_CH1.0.SyncSignalID=NONE
TIM3.TIM_MasterOutputTrigger=TIM_TRGO_UPDATE
NVIC.TIM4_IRQn=true\:0\:0\:false\:false\:true\:true\:true
RCC.I2C2Freq_Value=170000000
RCC.APB1Freq_Value=170000000
ProjectManager.DeviceId=STM32G474RETx
Dma.DAC1_CH1.0.Direction=DMA_MEMORY_TO_PERIPH
Dma.DAC1_CH1.0.Polarity=HAL_DMAMUX_REQ_GEN_RISING
ProjectManager.LibraryCopy=1
Dma.DAC1_CH1.0.RequestNumber=1
PA6.Locked=true
isbadioc=false
